
Microsoft Visual Studio Solution File, Format Version 12.00
# Visual Studio Version 17
VisualStudioVersion = 17.1.32328.378
MinimumVisualStudioVersion = 10.0.40219.1
Project("{9A19103F-16F7-4668-BE54-9A1E7A4F7556}") = "MCD", "MCD\MCD.csproj", "{879B69E5-4978-4B26-9277-2CFC14734048}"
EndProject
Project("{9A19103F-16F7-4668-BE54-9A1E7A4F7556}") = "GoldenToolKit", "..\GoldenToolKit\GoldenToolKit\GoldenToolKit.csproj", "{F05C354D-B06F-4DCE-AF0C-C114E71A5DAC}"
EndProject
Project("{9A19103F-16F7-4668-BE54-9A1E7A4F7556}") = "UI", "..\DiscreteMaths\UI\UI.csproj", "{D4355D69-C9F6-4687-89FF-DFE2DADA242A}"
EndProject
Project("{9A19103F-16F7-4668-BE54-9A1E7A4F7556}") = "Math", "..\DiscreteMaths\Math\Math.csproj", "{E3DB08E1-0E9E-4BDA-A6E5-85EDA87C3273}"
EndProject
Project("{9A19103F-16F7-4668-BE54-9A1E7A4F7556}") = "Kit.WPF", "..\..\Kit\Kit.WPF\Kit.WPF.csproj", "{65E84E8A-8E99-47AB-A09E-1A61749A77E2}"
EndProject
Project("{9A19103F-16F7-4668-BE54-9A1E7A4F7556}") = "Kit", "..\..\Kit\Kit\Kit.csproj", "{C36872CF-9F13-460B-9159-4CF222234583}"
EndProject
Project("{9A19103F-16F7-4668-BE54-9A1E7A4F7556}") = "Tests", "..\DiscreteMaths\Tests\Tests.csproj", "{DF012EB3-5555-4621-8410-E3864CF26DD9}"
EndProject
Global
	GlobalSection(SolutionConfigurationPlatforms) = preSolution
		Debug|Any CPU = Debug|Any CPU
		Debug|x64 = Debug|x64
		Debug2|Any CPU = Debug2|Any CPU
		Debug2|x64 = Debug2|x64
		Gorilla|Any CPU = Gorilla|Any CPU
		Gorilla|x64 = Gorilla|x64
		Release|Any CPU = Release|Any CPU
		Release|x64 = Release|x64
		x64|Any CPU = x64|Any CPU
		x64|x64 = x64|x64
	EndGlobalSection
	GlobalSection(ProjectConfigurationPlatforms) = postSolution
		{879B69E5-4978-4B26-9277-2CFC14734048}.Debug|Any CPU.ActiveCfg = Debug|Any CPU
		{879B69E5-4978-4B26-9277-2CFC14734048}.Debug|Any CPU.Build.0 = Debug|Any CPU
		{879B69E5-4978-4B26-9277-2CFC14734048}.Debug|x64.ActiveCfg = Debug|Any CPU
		{879B69E5-4978-4B26-9277-2CFC14734048}.Debug|x64.Build.0 = Debug|Any CPU
		{879B69E5-4978-4B26-9277-2CFC14734048}.Debug2|Any CPU.ActiveCfg = Debug|Any CPU
		{879B69E5-4978-4B26-9277-2CFC14734048}.Debug2|Any CPU.Build.0 = Debug|Any CPU
		{879B69E5-4978-4B26-9277-2CFC14734048}.Debug2|x64.ActiveCfg = Debug|Any CPU
		{879B69E5-4978-4B26-9277-2CFC14734048}.Debug2|x64.Build.0 = Debug|Any CPU
		{879B69E5-4978-4B26-9277-2CFC14734048}.Gorilla|Any CPU.ActiveCfg = Release|Any CPU
		{879B69E5-4978-4B26-9277-2CFC14734048}.Gorilla|Any CPU.Build.0 = Release|Any CPU
		{879B69E5-4978-4B26-9277-2CFC14734048}.Gorilla|x64.ActiveCfg = Release|Any CPU
		{879B69E5-4978-4B26-9277-2CFC14734048}.Gorilla|x64.Build.0 = Release|Any CPU
		{879B69E5-4978-4B26-9277-2CFC14734048}.Release|Any CPU.ActiveCfg = Release|Any CPU
		{879B69E5-4978-4B26-9277-2CFC14734048}.Release|Any CPU.Build.0 = Release|Any CPU
		{879B69E5-4978-4B26-9277-2CFC14734048}.Release|x64.ActiveCfg = Release|Any CPU
		{879B69E5-4978-4B26-9277-2CFC14734048}.Release|x64.Build.0 = Release|Any CPU
		{879B69E5-4978-4B26-9277-2CFC14734048}.x64|Any CPU.ActiveCfg = Release|Any CPU
		{879B69E5-4978-4B26-9277-2CFC14734048}.x64|Any CPU.Build.0 = Release|Any CPU
		{879B69E5-4978-4B26-9277-2CFC14734048}.x64|x64.ActiveCfg = Release|Any CPU
		{879B69E5-4978-4B26-9277-2CFC14734048}.x64|x64.Build.0 = Release|Any CPU
		{F05C354D-B06F-4DCE-AF0C-C114E71A5DAC}.Debug|Any CPU.ActiveCfg = Debug|Any CPU
		{F05C354D-B06F-4DCE-AF0C-C114E71A5DAC}.Debug|Any CPU.Build.0 = Debug|Any CPU
		{F05C354D-B06F-4DCE-AF0C-C114E71A5DAC}.Debug|x64.ActiveCfg = Debug|Any CPU
		{F05C354D-B06F-4DCE-AF0C-C114E71A5DAC}.Debug|x64.Build.0 = Debug|Any CPU
		{F05C354D-B06F-4DCE-AF0C-C114E71A5DAC}.Debug2|Any CPU.ActiveCfg = Debug|Any CPU
		{F05C354D-B06F-4DCE-AF0C-C114E71A5DAC}.Debug2|Any CPU.Build.0 = Debug|Any CPU
		{F05C354D-B06F-4DCE-AF0C-C114E71A5DAC}.Debug2|x64.ActiveCfg = Debug|Any CPU
		{F05C354D-B06F-4DCE-AF0C-C114E71A5DAC}.Debug2|x64.Build.0 = Debug|Any CPU
		{F05C354D-B06F-4DCE-AF0C-C114E71A5DAC}.Gorilla|Any CPU.ActiveCfg = Release|Any CPU
		{F05C354D-B06F-4DCE-AF0C-C114E71A5DAC}.Gorilla|Any CPU.Build.0 = Release|Any CPU
		{F05C354D-B06F-4DCE-AF0C-C114E71A5DAC}.Gorilla|x64.ActiveCfg = Release|Any CPU
		{F05C354D-B06F-4DCE-AF0C-C114E71A5DAC}.Gorilla|x64.Build.0 = Release|Any CPU
		{F05C354D-B06F-4DCE-AF0C-C114E71A5DAC}.Release|Any CPU.ActiveCfg = Release|Any CPU
		{F05C354D-B06F-4DCE-AF0C-C114E71A5DAC}.Release|Any CPU.Build.0 = Release|Any CPU
		{F05C354D-B06F-4DCE-AF0C-C114E71A5DAC}.Release|x64.ActiveCfg = Release|Any CPU
		{F05C354D-B06F-4DCE-AF0C-C114E71A5DAC}.Release|x64.Build.0 = Release|Any CPU
		{F05C354D-B06F-4DCE-AF0C-C114E71A5DAC}.x64|Any CPU.ActiveCfg = Release|Any CPU
		{F05C354D-B06F-4DCE-AF0C-C114E71A5DAC}.x64|Any CPU.Build.0 = Release|Any CPU
		{F05C354D-B06F-4DCE-AF0C-C114E71A5DAC}.x64|x64.ActiveCfg = Release|Any CPU
		{F05C354D-B06F-4DCE-AF0C-C114E71A5DAC}.x64|x64.Build.0 = Release|Any CPU
		{D4355D69-C9F6-4687-89FF-DFE2DADA242A}.Debug|Any CPU.ActiveCfg = Debug|Any CPU
		{D4355D69-C9F6-4687-89FF-DFE2DADA242A}.Debug|Any CPU.Build.0 = Debug|Any CPU
		{D4355D69-C9F6-4687-89FF-DFE2DADA242A}.Debug|x64.ActiveCfg = Debug|Any CPU
		{D4355D69-C9F6-4687-89FF-DFE2DADA242A}.Debug|x64.Build.0 = Debug|Any CPU
		{D4355D69-C9F6-4687-89FF-DFE2DADA242A}.Debug2|Any CPU.ActiveCfg = Debug|Any CPU
		{D4355D69-C9F6-4687-89FF-DFE2DADA242A}.Debug2|Any CPU.Build.0 = Debug|Any CPU
		{D4355D69-C9F6-4687-89FF-DFE2DADA242A}.Debug2|x64.ActiveCfg = Debug|Any CPU
		{D4355D69-C9F6-4687-89FF-DFE2DADA242A}.Debug2|x64.Build.0 = Debug|Any CPU
		{D4355D69-C9F6-4687-89FF-DFE2DADA242A}.Gorilla|Any CPU.ActiveCfg = Debug|Any CPU
		{D4355D69-C9F6-4687-89FF-DFE2DADA242A}.Gorilla|Any CPU.Build.0 = Debug|Any CPU
		{D4355D69-C9F6-4687-89FF-DFE2DADA242A}.Gorilla|x64.ActiveCfg = Debug|Any CPU
		{D4355D69-C9F6-4687-89FF-DFE2DADA242A}.Gorilla|x64.Build.0 = Debug|Any CPU
		{D4355D69-C9F6-4687-89FF-DFE2DADA242A}.Release|Any CPU.ActiveCfg = Release|Any CPU
		{D4355D69-C9F6-4687-89FF-DFE2DADA242A}.Release|Any CPU.Build.0 = Release|Any CPU
		{D4355D69-C9F6-4687-89FF-DFE2DADA242A}.Release|x64.ActiveCfg = Release|Any CPU
		{D4355D69-C9F6-4687-89FF-DFE2DADA242A}.Release|x64.Build.0 = Release|Any CPU
		{D4355D69-C9F6-4687-89FF-DFE2DADA242A}.x64|Any CPU.ActiveCfg = Debug|Any CPU
		{D4355D69-C9F6-4687-89FF-DFE2DADA242A}.x64|Any CPU.Build.0 = Debug|Any CPU
		{D4355D69-C9F6-4687-89FF-DFE2DADA242A}.x64|x64.ActiveCfg = Debug|Any CPU
		{D4355D69-C9F6-4687-89FF-DFE2DADA242A}.x64|x64.Build.0 = Debug|Any CPU
		{E3DB08E1-0E9E-4BDA-A6E5-85EDA87C3273}.Debug|Any CPU.ActiveCfg = Debug|Any CPU
		{E3DB08E1-0E9E-4BDA-A6E5-85EDA87C3273}.Debug|Any CPU.Build.0 = Debug|Any CPU
		{E3DB08E1-0E9E-4BDA-A6E5-85EDA87C3273}.Debug|x64.ActiveCfg = Debug|Any CPU
		{E3DB08E1-0E9E-4BDA-A6E5-85EDA87C3273}.Debug|x64.Build.0 = Debug|Any CPU
		{E3DB08E1-0E9E-4BDA-A6E5-85EDA87C3273}.Debug2|Any CPU.ActiveCfg = Debug|Any CPU
		{E3DB08E1-0E9E-4BDA-A6E5-85EDA87C3273}.Debug2|Any CPU.Build.0 = Debug|Any CPU
		{E3DB08E1-0E9E-4BDA-A6E5-85EDA87C3273}.Debug2|x64.ActiveCfg = Debug|Any CPU
		{E3DB08E1-0E9E-4BDA-A6E5-85EDA87C3273}.Debug2|x64.Build.0 = Debug|Any CPU
		{E3DB08E1-0E9E-4BDA-A6E5-85EDA87C3273}.Gorilla|Any CPU.ActiveCfg = Debug|Any CPU
		{E3DB08E1-0E9E-4BDA-A6E5-85EDA87C3273}.Gorilla|Any CPU.Build.0 = Debug|Any CPU
		{E3DB08E1-0E9E-4BDA-A6E5-85EDA87C3273}.Gorilla|x64.ActiveCfg = Debug|Any CPU
		{E3DB08E1-0E9E-4BDA-A6E5-85EDA87C3273}.Gorilla|x64.Build.0 = Debug|Any CPU
		{E3DB08E1-0E9E-4BDA-A6E5-85EDA87C3273}.Release|Any CPU.ActiveCfg = Release|Any CPU
		{E3DB08E1-0E9E-4BDA-A6E5-85EDA87C3273}.Release|Any CPU.Build.0 = Release|Any CPU
		{E3DB08E1-0E9E-4BDA-A6E5-85EDA87C3273}.Release|x64.ActiveCfg = Release|Any CPU
		{E3DB08E1-0E9E-4BDA-A6E5-85EDA87C3273}.Release|x64.Build.0 = Release|Any CPU
		{E3DB08E1-0E9E-4BDA-A6E5-85EDA87C3273}.x64|Any CPU.ActiveCfg = Debug|Any CPU
		{E3DB08E1-0E9E-4BDA-A6E5-85EDA87C3273}.x64|Any CPU.Build.0 = Debug|Any CPU
		{E3DB08E1-0E9E-4BDA-A6E5-85EDA87C3273}.x64|x64.ActiveCfg = Debug|Any CPU
		{E3DB08E1-0E9E-4BDA-A6E5-85EDA87C3273}.x64|x64.Build.0 = Debug|Any CPU
		{65E84E8A-8E99-47AB-A09E-1A61749A77E2}.Debug|Any CPU.ActiveCfg = Debug|Any CPU
		{65E84E8A-8E99-47AB-A09E-1A61749A77E2}.Debug|Any CPU.Build.0 = Debug|Any CPU
		{65E84E8A-8E99-47AB-A09E-1A61749A77E2}.Debug|x64.ActiveCfg = Debug|x64
		{65E84E8A-8E99-47AB-A09E-1A61749A77E2}.Debug|x64.Build.0 = Debug|x64
		{65E84E8A-8E99-47AB-A09E-1A61749A77E2}.Debug2|Any CPU.ActiveCfg = Debug|Any CPU
		{65E84E8A-8E99-47AB-A09E-1A61749A77E2}.Debug2|Any CPU.Build.0 = Debug|Any CPU
		{65E84E8A-8E99-47AB-A09E-1A61749A77E2}.Debug2|x64.ActiveCfg = Debug|x64
		{65E84E8A-8E99-47AB-A09E-1A61749A77E2}.Debug2|x64.Build.0 = Debug|x64
		{65E84E8A-8E99-47AB-A09E-1A61749A77E2}.Gorilla|Any CPU.ActiveCfg = Debug|Any CPU
		{65E84E8A-8E99-47AB-A09E-1A61749A77E2}.Gorilla|Any CPU.Build.0 = Debug|Any CPU
		{65E84E8A-8E99-47AB-A09E-1A61749A77E2}.Gorilla|x64.ActiveCfg = Debug|x64
		{65E84E8A-8E99-47AB-A09E-1A61749A77E2}.Gorilla|x64.Build.0 = Debug|x64
		{65E84E8A-8E99-47AB-A09E-1A61749A77E2}.Release|Any CPU.ActiveCfg = Release|Any CPU
		{65E84E8A-8E99-47AB-A09E-1A61749A77E2}.Release|Any CPU.Build.0 = Release|Any CPU
		{65E84E8A-8E99-47AB-A09E-1A61749A77E2}.Release|x64.ActiveCfg = Release|x64
		{65E84E8A-8E99-47AB-A09E-1A61749A77E2}.Release|x64.Build.0 = Release|x64
		{65E84E8A-8E99-47AB-A09E-1A61749A77E2}.x64|Any CPU.ActiveCfg = x64|Any CPU
		{65E84E8A-8E99-47AB-A09E-1A61749A77E2}.x64|Any CPU.Build.0 = x64|Any CPU
		{65E84E8A-8E99-47AB-A09E-1A61749A77E2}.x64|x64.ActiveCfg = x64|x64
		{65E84E8A-8E99-47AB-A09E-1A61749A77E2}.x64|x64.Build.0 = x64|x64
		{C36872CF-9F13-460B-9159-4CF222234583}.Debug|Any CPU.ActiveCfg = Debug|Any CPU
		{C36872CF-9F13-460B-9159-4CF222234583}.Debug|Any CPU.Build.0 = Debug|Any CPU
		{C36872CF-9F13-460B-9159-4CF222234583}.Debug|x64.ActiveCfg = Debug|x64
		{C36872CF-9F13-460B-9159-4CF222234583}.Debug|x64.Build.0 = Debug|x64
		{C36872CF-9F13-460B-9159-4CF222234583}.Debug2|Any CPU.ActiveCfg = Debug2|Any CPU
		{C36872CF-9F13-460B-9159-4CF222234583}.Debug2|Any CPU.Build.0 = Debug2|Any CPU
		{C36872CF-9F13-460B-9159-4CF222234583}.Debug2|x64.ActiveCfg = Debug2|x64
		{C36872CF-9F13-460B-9159-4CF222234583}.Debug2|x64.Build.0 = Debug2|x64
		{C36872CF-9F13-460B-9159-4CF222234583}.Gorilla|Any CPU.ActiveCfg = Gorilla|Any CPU
		{C36872CF-9F13-460B-9159-4CF222234583}.Gorilla|Any CPU.Build.0 = Gorilla|Any CPU
		{C36872CF-9F13-460B-9159-4CF222234583}.Gorilla|x64.ActiveCfg = Gorilla|x64
		{C36872CF-9F13-460B-9159-4CF222234583}.Gorilla|x64.Build.0 = Gorilla|x64
		{C36872CF-9F13-460B-9159-4CF222234583}.Release|Any CPU.ActiveCfg = Release|Any CPU
		{C36872CF-9F13-460B-9159-4CF222234583}.Release|Any CPU.Build.0 = Release|Any CPU
		{C36872CF-9F13-460B-9159-4CF222234583}.Release|x64.ActiveCfg = Release|x64
		{C36872CF-9F13-460B-9159-4CF222234583}.Release|x64.Build.0 = Release|x64
		{C36872CF-9F13-460B-9159-4CF222234583}.x64|Any CPU.ActiveCfg = x64|Any CPU
		{C36872CF-9F13-460B-9159-4CF222234583}.x64|Any CPU.Build.0 = x64|Any CPU
		{C36872CF-9F13-460B-9159-4CF222234583}.x64|x64.ActiveCfg = x64|x64
		{C36872CF-9F13-460B-9159-4CF222234583}.x64|x64.Build.0 = x64|x64
		{DF012EB3-5555-4621-8410-E3864CF26DD9}.Debug|Any CPU.ActiveCfg = Debug|Any CPU
		{DF012EB3-5555-4621-8410-E3864CF26DD9}.Debug|Any CPU.Build.0 = Debug|Any CPU
		{DF012EB3-5555-4621-8410-E3864CF26DD9}.Debug|x64.ActiveCfg = Debug|Any CPU
		{DF012EB3-5555-4621-8410-E3864CF26DD9}.Debug|x64.Build.0 = Debug|Any CPU
		{DF012EB3-5555-4621-8410-E3864CF26DD9}.Debug2|Any CPU.ActiveCfg = Debug|Any CPU
		{DF012EB3-5555-4621-8410-E3864CF26DD9}.Debug2|Any CPU.Build.0 = Debug|Any CPU
		{DF012EB3-5555-4621-8410-E3864CF26DD9}.Debug2|x64.ActiveCfg = Debug|Any CPU
		{DF012EB3-5555-4621-8410-E3864CF26DD9}.Debug2|x64.Build.0 = Debug|Any CPU
		{DF012EB3-5555-4621-8410-E3864CF26DD9}.Gorilla|Any CPU.ActiveCfg = Debug|Any CPU
		{DF012EB3-5555-4621-8410-E3864CF26DD9}.Gorilla|Any CPU.Build.0 = Debug|Any CPU
		{DF012EB3-5555-4621-8410-E3864CF26DD9}.Gorilla|x64.ActiveCfg = Debug|Any CPU
		{DF012EB3-5555-4621-8410-E3864CF26DD9}.Gorilla|x64.Build.0 = Debug|Any CPU
		{DF012EB3-5555-4621-8410-E3864CF26DD9}.Release|Any CPU.ActiveCfg = Release|Any CPU
		{DF012EB3-5555-4621-8410-E3864CF26DD9}.Release|Any CPU.Build.0 = Release|Any CPU
		{DF012EB3-5555-4621-8410-E3864CF26DD9}.Release|x64.ActiveCfg = Release|Any CPU
		{DF012EB3-5555-4621-8410-E3864CF26DD9}.Release|x64.Build.0 = Release|Any CPU
		{DF012EB3-5555-4621-8410-E3864CF26DD9}.x64|Any CPU.ActiveCfg = Debug|Any CPU
		{DF012EB3-5555-4621-8410-E3864CF26DD9}.x64|Any CPU.Build.0 = Debug|Any CPU
		{DF012EB3-5555-4621-8410-E3864CF26DD9}.x64|x64.ActiveCfg = Debug|Any CPU
		{DF012EB3-5555-4621-8410-E3864CF26DD9}.x64|x64.Build.0 = Debug|Any CPU
	EndGlobalSection
	GlobalSection(SolutionProperties) = preSolution
		HideSolutionNode = FALSE
	EndGlobalSection
	GlobalSection(ExtensibilityGlobals) = postSolution
		SolutionGuid = {D3F388A0-B290-46C5-B714-7FBDA03E8D38}
	EndGlobalSection
EndGlobal
